// !$*UTF8*$!
{
	archiveVersion = 1;
	classes = {
	};
	objectVersion = 51;
	objects = {

/* Begin PBXBuildFile section */
		3DC9D65337DC563AED85C652 /* Pods_NeuroKineticTests.framework in Frameworks */ = {isa = PBXBuildFile; fileRef = 229706FCFCC6F77F83549A89 /* Pods_NeuroKineticTests.framework */; };
		41E81C712366F58C003313B8 /* Paragraph.swift in Sources */ = {isa = PBXBuildFile; fileRef = 41E81C702366F58C003313B8 /* Paragraph.swift */; };
		41E81C732366F605003313B8 /* Setting.swift in Sources */ = {isa = PBXBuildFile; fileRef = 41E81C722366F605003313B8 /* Setting.swift */; };
		7B7C3331236E291900BAFC5A /* Main.storyboard in Resources */ = {isa = PBXBuildFile; fileRef = 7B7C332F236E291800BAFC5A /* Main.storyboard */; };
		8363AB292387541D007D9907 /* AfterSignView.swift in Sources */ = {isa = PBXBuildFile; fileRef = 8363AB282387541D007D9907 /* AfterSignView.swift */; };
		8363AB2B23875439007D9907 /* AfterSignVC.swift in Sources */ = {isa = PBXBuildFile; fileRef = 8363AB2A23875439007D9907 /* AfterSignVC.swift */; };
		83A313BF2368F54100BC251A /* SentenceWriteCanvas.swift in Sources */ = {isa = PBXBuildFile; fileRef = 83A313BE2368F54100BC251A /* SentenceWriteCanvas.swift */; };
		83A313C32368F98E00BC251A /* SignatureCanvas.swift in Sources */ = {isa = PBXBuildFile; fileRef = 83A313C22368F98E00BC251A /* SignatureCanvas.swift */; };
		83B00101236D1F31001488AA /* SignViewControl.swift in Sources */ = {isa = PBXBuildFile; fileRef = 83B00100236D1F31001488AA /* SignViewControl.swift */; };
		83B00107236D2587001488AA /* Word.swift in Sources */ = {isa = PBXBuildFile; fileRef = 83B00106236D2587001488AA /* Word.swift */; };
		83B00109236D25A3001488AA /* ParagraphBank.swift in Sources */ = {isa = PBXBuildFile; fileRef = 83B00108236D25A3001488AA /* ParagraphBank.swift */; };
		83F22F062362280500AA0D94 /* HandwritingPracticeVC.swift in Sources */ = {isa = PBXBuildFile; fileRef = 83F22F052362280500AA0D94 /* HandwritingPracticeVC.swift */; };
		90C153F304AEF4A0E324661F /* Pods_NeuroKinetic_NeuroKineticUITests.framework in Frameworks */ = {isa = PBXBuildFile; fileRef = 95B169062D973BB1072FC3FD /* Pods_NeuroKinetic_NeuroKineticUITests.framework */; };
		B199C484C2470D033C4A3654 /* Pods_NeuroKinetic.framework in Frameworks */ = {isa = PBXBuildFile; fileRef = 585D6E969998D5545EC0D873 /* Pods_NeuroKinetic.framework */; };
		BE1B1A5A235BF97100E6ED19 /* AppDelegate.swift in Sources */ = {isa = PBXBuildFile; fileRef = BE1B1A59235BF97100E6ED19 /* AppDelegate.swift */; };
		BE1B1A5C235BF97100E6ED19 /* TypingGame.swift in Sources */ = {isa = PBXBuildFile; fileRef = BE1B1A5B235BF97100E6ED19 /* TypingGame.swift */; };
		BE1B1A61235BF97200E6ED19 /* Assets.xcassets in Resources */ = {isa = PBXBuildFile; fileRef = BE1B1A60235BF97200E6ED19 /* Assets.xcassets */; };
		BE1B1A6F235BF97200E6ED19 /* NeuroKineticTests.swift in Sources */ = {isa = PBXBuildFile; fileRef = BE1B1A6E235BF97200E6ED19 /* NeuroKineticTests.swift */; };
		BE351714235D375B00C13527 /* StartViewController.swift in Sources */ = {isa = PBXBuildFile; fileRef = BE351713235D375B00C13527 /* StartViewController.swift */; };
		BE351718235D4C4E00C13527 /* MetronomeStats.swift in Sources */ = {isa = PBXBuildFile; fileRef = BE351717235D4C4E00C13527 /* MetronomeStats.swift */; };
		BE4575332365371A00BADD25 /* CircleView.swift in Sources */ = {isa = PBXBuildFile; fileRef = BE4575322365371A00BADD25 /* CircleView.swift */; };
		BE7318F3238256CE00A99007 /* bigger.mp3 in Resources */ = {isa = PBXBuildFile; fileRef = BE7318F2238256CE00A99007 /* bigger.mp3 */; };
		BE7318F5238256DC00A99007 /* always_remember.mp3 in Resources */ = {isa = PBXBuildFile; fileRef = BE7318F4238256DC00A99007 /* always_remember.mp3 */; };
		BE7318F7238256E700A99007 /* WritingBigger.mp3 in Resources */ = {isa = PBXBuildFile; fileRef = BE7318F6238256E700A99007 /* WritingBigger.mp3 */; };
		BE7C72512360FA06005EBFF5 /* GameMenu.swift in Sources */ = {isa = PBXBuildFile; fileRef = BE7C72502360FA06005EBFF5 /* GameMenu.swift */; };
		BE7C725323610C5E005EBFF5 /* MetronomeGameVC.swift in Sources */ = {isa = PBXBuildFile; fileRef = BE7C725223610C5E005EBFF5 /* MetronomeGameVC.swift */; };
		BEF428012367D13F00D9F021 /* TypingStats.swift in Sources */ = {isa = PBXBuildFile; fileRef = BEF428002367D13F00D9F021 /* TypingStats.swift */; };
		BEF428032367D14F00D9F021 /* GeneralStats.swift in Sources */ = {isa = PBXBuildFile; fileRef = BEF428022367D14F00D9F021 /* GeneralStats.swift */; };
		BEF428052367D15D00D9F021 /* HandwritingStats.swift in Sources */ = {isa = PBXBuildFile; fileRef = BEF428042367D15D00D9F021 /* HandwritingStats.swift */; };
		F9066EFC23805E1600977AB8 /* MediaPlayer.framework in Frameworks */ = {isa = PBXBuildFile; fileRef = F9066EFB23805E1500977AB8 /* MediaPlayer.framework */; };
		F907F183236F6AE700680057 /* NeuroKineticHandwritingTests.swift in Sources */ = {isa = PBXBuildFile; fileRef = F907F17B236F6ABF00680057 /* NeuroKineticHandwritingTests.swift */; };
		F909B9A32370D600006CC591 /* NeuroKineticUnitTests.swift in Sources */ = {isa = PBXBuildFile; fileRef = F909B9A22370D600006CC591 /* NeuroKineticUnitTests.swift */; };
		F92F3C6C236F006900DC8A8D /* Montserrat-SemiBold.ttf in Resources */ = {isa = PBXBuildFile; fileRef = F92F3C69236F006900DC8A8D /* Montserrat-SemiBold.ttf */; };
		F92F3C6D236F006900DC8A8D /* Montserrat-Bold.ttf in Resources */ = {isa = PBXBuildFile; fileRef = F92F3C6A236F006900DC8A8D /* Montserrat-Bold.ttf */; };
		F92F3C6E236F006900DC8A8D /* Montserrat-ExtraBold.ttf in Resources */ = {isa = PBXBuildFile; fileRef = F92F3C6B236F006900DC8A8D /* Montserrat-ExtraBold.ttf */; };
		F92F3C6F236F011900DC8A8D /* Montserrat-SemiBold.ttf in Resources */ = {isa = PBXBuildFile; fileRef = F92F3C69236F006900DC8A8D /* Montserrat-SemiBold.ttf */; };
		F98AA726237DE6610044978F /* GoogleService-Info.plist in Resources */ = {isa = PBXBuildFile; fileRef = F98AA725237DE6610044978F /* GoogleService-Info.plist */; };
		F98BCBD5236FE94300E56FCE /* NeuroKineticIntegrationTest.swift in Sources */ = {isa = PBXBuildFile; fileRef = F98BCBD4236FE94300E56FCE /* NeuroKineticIntegrationTest.swift */; };
		F98BCBD7236FEEEF00E56FCE /* Logo.png in Resources */ = {isa = PBXBuildFile; fileRef = F98BCBD6236FEEEF00E56FCE /* Logo.png */; };
		F9B7AA7C236F3851000B3BF1 /* metronomeSound(1).mp3 in Resources */ = {isa = PBXBuildFile; fileRef = F9B7AA79236F3850000B3BF1 /* metronomeSound(1).mp3 */; };
		F9B7AA7D236F3851000B3BF1 /* metronomeSound(2).mp3 in Resources */ = {isa = PBXBuildFile; fileRef = F9B7AA7A236F3851000B3BF1 /* metronomeSound(2).mp3 */; };
		F9B7AA7E236F3851000B3BF1 /* metronomeSound.mp3 in Resources */ = {isa = PBXBuildFile; fileRef = F9B7AA7B236F3851000B3BF1 /* metronomeSound.mp3 */; };
		F9B7AA8E236F4B2B000B3BF1 /* NeuroKineticMetronomeTest.swift in Sources */ = {isa = PBXBuildFile; fileRef = F9B7AA8D236F4B2B000B3BF1 /* NeuroKineticMetronomeTest.swift */; };
		F9B7AAA0236F5396000B3BF1 /* NeuroKineticTypingTests.swift in Sources */ = {isa = PBXBuildFile; fileRef = F9B7AA9F236F5396000B3BF1 /* NeuroKineticTypingTests.swift */; };
/* End PBXBuildFile section */

/* Begin PBXContainerItemProxy section */
		BE1B1A6B235BF97200E6ED19 /* PBXContainerItemProxy */ = {
			isa = PBXContainerItemProxy;
			containerPortal = BE1B1A4E235BF97100E6ED19 /* Project object */;
			proxyType = 1;
			remoteGlobalIDString = BE1B1A55235BF97100E6ED19;
			remoteInfo = NeuroKinetic;
		};
		F9B7AA88236F39FE000B3BF1 /* PBXContainerItemProxy */ = {
			isa = PBXContainerItemProxy;
			containerPortal = BE1B1A4E235BF97100E6ED19 /* Project object */;
			proxyType = 1;
			remoteGlobalIDString = BE1B1A55235BF97100E6ED19;
			remoteInfo = NeuroKinetic;
		};
/* End PBXContainerItemProxy section */

/* Begin PBXFileReference section */
		115A1F6587CB51F22D5D8413 /* Pods-NeuroKinetic-NeuroKineticUITests.release.xcconfig */ = {isa = PBXFileReference; includeInIndex = 1; lastKnownFileType = text.xcconfig; name = "Pods-NeuroKinetic-NeuroKineticUITests.release.xcconfig"; path = "Target Support Files/Pods-NeuroKinetic-NeuroKineticUITests/Pods-NeuroKinetic-NeuroKineticUITests.release.xcconfig"; sourceTree = "<group>"; };
		229706FCFCC6F77F83549A89 /* Pods_NeuroKineticTests.framework */ = {isa = PBXFileReference; explicitFileType = wrapper.framework; includeInIndex = 0; path = Pods_NeuroKineticTests.framework; sourceTree = BUILT_PRODUCTS_DIR; };
		397D3F7F1EA06025310138B4 /* Pods-NeuroKineticTests.release.xcconfig */ = {isa = PBXFileReference; includeInIndex = 1; lastKnownFileType = text.xcconfig; name = "Pods-NeuroKineticTests.release.xcconfig"; path = "Target Support Files/Pods-NeuroKineticTests/Pods-NeuroKineticTests.release.xcconfig"; sourceTree = "<group>"; };
		41E81C702366F58C003313B8 /* Paragraph.swift */ = {isa = PBXFileReference; lastKnownFileType = sourcecode.swift; path = Paragraph.swift; sourceTree = "<group>"; };
		41E81C722366F605003313B8 /* Setting.swift */ = {isa = PBXFileReference; lastKnownFileType = sourcecode.swift; path = Setting.swift; sourceTree = "<group>"; };
		585D6E969998D5545EC0D873 /* Pods_NeuroKinetic.framework */ = {isa = PBXFileReference; explicitFileType = wrapper.framework; includeInIndex = 0; path = Pods_NeuroKinetic.framework; sourceTree = BUILT_PRODUCTS_DIR; };
		7B7C3330236E291800BAFC5A /* Base */ = {isa = PBXFileReference; lastKnownFileType = file.storyboard; name = Base; path = Base.lproj/Main.storyboard; sourceTree = "<group>"; };
		8363AB282387541D007D9907 /* AfterSignView.swift */ = {isa = PBXFileReference; lastKnownFileType = sourcecode.swift; path = AfterSignView.swift; sourceTree = "<group>"; };
		8363AB2A23875439007D9907 /* AfterSignVC.swift */ = {isa = PBXFileReference; lastKnownFileType = sourcecode.swift; path = AfterSignVC.swift; sourceTree = "<group>"; };
		83A313BE2368F54100BC251A /* SentenceWriteCanvas.swift */ = {isa = PBXFileReference; lastKnownFileType = sourcecode.swift; path = SentenceWriteCanvas.swift; sourceTree = "<group>"; };
		83A313C22368F98E00BC251A /* SignatureCanvas.swift */ = {isa = PBXFileReference; lastKnownFileType = sourcecode.swift; path = SignatureCanvas.swift; sourceTree = "<group>"; };
		83B00100236D1F31001488AA /* SignViewControl.swift */ = {isa = PBXFileReference; lastKnownFileType = sourcecode.swift; path = SignViewControl.swift; sourceTree = "<group>"; };
		83B00106236D2587001488AA /* Word.swift */ = {isa = PBXFileReference; lastKnownFileType = sourcecode.swift; path = Word.swift; sourceTree = "<group>"; };
		83B00108236D25A3001488AA /* ParagraphBank.swift */ = {isa = PBXFileReference; lastKnownFileType = sourcecode.swift; path = ParagraphBank.swift; sourceTree = "<group>"; };
		83F22F052362280500AA0D94 /* HandwritingPracticeVC.swift */ = {isa = PBXFileReference; lastKnownFileType = sourcecode.swift; path = HandwritingPracticeVC.swift; sourceTree = "<group>"; };
		95B169062D973BB1072FC3FD /* Pods_NeuroKinetic_NeuroKineticUITests.framework */ = {isa = PBXFileReference; explicitFileType = wrapper.framework; includeInIndex = 0; path = Pods_NeuroKinetic_NeuroKineticUITests.framework; sourceTree = BUILT_PRODUCTS_DIR; };
		98C461CEC4B10E50FE5E374A /* Pods-NeuroKinetic.debug.xcconfig */ = {isa = PBXFileReference; includeInIndex = 1; lastKnownFileType = text.xcconfig; name = "Pods-NeuroKinetic.debug.xcconfig"; path = "Target Support Files/Pods-NeuroKinetic/Pods-NeuroKinetic.debug.xcconfig"; sourceTree = "<group>"; };
		BE1B1A56235BF97100E6ED19 /* NeuroKinetic.app */ = {isa = PBXFileReference; explicitFileType = wrapper.application; includeInIndex = 0; path = NeuroKinetic.app; sourceTree = BUILT_PRODUCTS_DIR; };
		BE1B1A59235BF97100E6ED19 /* AppDelegate.swift */ = {isa = PBXFileReference; lastKnownFileType = sourcecode.swift; path = AppDelegate.swift; sourceTree = "<group>"; };
		BE1B1A5B235BF97100E6ED19 /* TypingGame.swift */ = {isa = PBXFileReference; lastKnownFileType = sourcecode.swift; path = TypingGame.swift; sourceTree = "<group>"; };
		BE1B1A60235BF97200E6ED19 /* Assets.xcassets */ = {isa = PBXFileReference; lastKnownFileType = folder.assetcatalog; path = Assets.xcassets; sourceTree = "<group>"; };
		BE1B1A63235BF97200E6ED19 /* Base */ = {isa = PBXFileReference; lastKnownFileType = file.storyboard; name = Base; path = Base.lproj/LaunchScreen.storyboard; sourceTree = "<group>"; };
		BE1B1A65235BF97200E6ED19 /* Info.plist */ = {isa = PBXFileReference; lastKnownFileType = text.plist.xml; path = Info.plist; sourceTree = "<group>"; };
		BE1B1A6A235BF97200E6ED19 /* NeuroKineticTests.xctest */ = {isa = PBXFileReference; explicitFileType = wrapper.cfbundle; includeInIndex = 0; path = NeuroKineticTests.xctest; sourceTree = BUILT_PRODUCTS_DIR; };
		BE1B1A6E235BF97200E6ED19 /* NeuroKineticTests.swift */ = {isa = PBXFileReference; lastKnownFileType = sourcecode.swift; path = NeuroKineticTests.swift; sourceTree = "<group>"; };
		BE1B1A70235BF97200E6ED19 /* Info.plist */ = {isa = PBXFileReference; lastKnownFileType = text.plist.xml; path = Info.plist; sourceTree = "<group>"; };
		BE28D2ED86C58704B4BAC896 /* Pods-NeuroKineticTests.debug.xcconfig */ = {isa = PBXFileReference; includeInIndex = 1; lastKnownFileType = text.xcconfig; name = "Pods-NeuroKineticTests.debug.xcconfig"; path = "Target Support Files/Pods-NeuroKineticTests/Pods-NeuroKineticTests.debug.xcconfig"; sourceTree = "<group>"; };
		BE351713235D375B00C13527 /* StartViewController.swift */ = {isa = PBXFileReference; lastKnownFileType = sourcecode.swift; path = StartViewController.swift; sourceTree = "<group>"; };
		BE351717235D4C4E00C13527 /* MetronomeStats.swift */ = {isa = PBXFileReference; lastKnownFileType = sourcecode.swift; path = MetronomeStats.swift; sourceTree = "<group>"; };
		BE4575322365371A00BADD25 /* CircleView.swift */ = {isa = PBXFileReference; lastKnownFileType = sourcecode.swift; path = CircleView.swift; sourceTree = "<group>"; };
		BE7318F2238256CE00A99007 /* bigger.mp3 */ = {isa = PBXFileReference; lastKnownFileType = audio.mp3; name = bigger.mp3; path = Assets.xcassets/bigger.dataset/bigger.mp3; sourceTree = "<group>"; };
		BE7318F4238256DC00A99007 /* always_remember.mp3 */ = {isa = PBXFileReference; lastKnownFileType = audio.mp3; name = always_remember.mp3; path = Assets.xcassets/always_remember.dataset/always_remember.mp3; sourceTree = "<group>"; };
		BE7318F6238256E700A99007 /* WritingBigger.mp3 */ = {isa = PBXFileReference; lastKnownFileType = audio.mp3; name = WritingBigger.mp3; path = Assets.xcassets/WritingBigger.dataset/WritingBigger.mp3; sourceTree = "<group>"; };
		BE7C72502360FA06005EBFF5 /* GameMenu.swift */ = {isa = PBXFileReference; lastKnownFileType = sourcecode.swift; path = GameMenu.swift; sourceTree = "<group>"; };
		BE7C725223610C5E005EBFF5 /* MetronomeGameVC.swift */ = {isa = PBXFileReference; lastKnownFileType = sourcecode.swift; path = MetronomeGameVC.swift; sourceTree = "<group>"; };
		BEF428002367D13F00D9F021 /* TypingStats.swift */ = {isa = PBXFileReference; lastKnownFileType = sourcecode.swift; path = TypingStats.swift; sourceTree = "<group>"; };
		BEF428022367D14F00D9F021 /* GeneralStats.swift */ = {isa = PBXFileReference; lastKnownFileType = sourcecode.swift; path = GeneralStats.swift; sourceTree = "<group>"; };
		BEF428042367D15D00D9F021 /* HandwritingStats.swift */ = {isa = PBXFileReference; lastKnownFileType = sourcecode.swift; path = HandwritingStats.swift; sourceTree = "<group>"; };
		E7DBC151757F89E5DB8668EE /* Pods-NeuroKinetic.release.xcconfig */ = {isa = PBXFileReference; includeInIndex = 1; lastKnownFileType = text.xcconfig; name = "Pods-NeuroKinetic.release.xcconfig"; path = "Target Support Files/Pods-NeuroKinetic/Pods-NeuroKinetic.release.xcconfig"; sourceTree = "<group>"; };
		E8F31E0730ACE1C3D001A4DA /* Pods-NeuroKinetic-NeuroKineticUITests.debug.xcconfig */ = {isa = PBXFileReference; includeInIndex = 1; lastKnownFileType = text.xcconfig; name = "Pods-NeuroKinetic-NeuroKineticUITests.debug.xcconfig"; path = "Target Support Files/Pods-NeuroKinetic-NeuroKineticUITests/Pods-NeuroKinetic-NeuroKineticUITests.debug.xcconfig"; sourceTree = "<group>"; };
		F9066EFB23805E1500977AB8 /* MediaPlayer.framework */ = {isa = PBXFileReference; lastKnownFileType = wrapper.framework; name = MediaPlayer.framework; path = System/Library/Frameworks/MediaPlayer.framework; sourceTree = SDKROOT; };
		F907F17B236F6ABF00680057 /* NeuroKineticHandwritingTests.swift */ = {isa = PBXFileReference; lastKnownFileType = sourcecode.swift; path = NeuroKineticHandwritingTests.swift; sourceTree = "<group>"; };
		F909B9A22370D600006CC591 /* NeuroKineticUnitTests.swift */ = {isa = PBXFileReference; lastKnownFileType = sourcecode.swift; path = NeuroKineticUnitTests.swift; sourceTree = "<group>"; };
		F92F3C69236F006900DC8A8D /* Montserrat-SemiBold.ttf */ = {isa = PBXFileReference; lastKnownFileType = file; name = "Montserrat-SemiBold.ttf"; path = "fonts/Montserrat-SemiBold.ttf"; sourceTree = SOURCE_ROOT; };
		F92F3C6A236F006900DC8A8D /* Montserrat-Bold.ttf */ = {isa = PBXFileReference; lastKnownFileType = file; name = "Montserrat-Bold.ttf"; path = "fonts/Montserrat-Bold.ttf"; sourceTree = SOURCE_ROOT; };
		F92F3C6B236F006900DC8A8D /* Montserrat-ExtraBold.ttf */ = {isa = PBXFileReference; lastKnownFileType = file; name = "Montserrat-ExtraBold.ttf"; path = "fonts/Montserrat-ExtraBold.ttf"; sourceTree = SOURCE_ROOT; };
		F98AA725237DE6610044978F /* GoogleService-Info.plist */ = {isa = PBXFileReference; fileEncoding = 4; lastKnownFileType = text.plist.xml; path = "GoogleService-Info.plist"; sourceTree = "<group>"; };
		F98BCBD4236FE94300E56FCE /* NeuroKineticIntegrationTest.swift */ = {isa = PBXFileReference; lastKnownFileType = sourcecode.swift; path = NeuroKineticIntegrationTest.swift; sourceTree = "<group>"; };
		F98BCBD6236FEEEF00E56FCE /* Logo.png */ = {isa = PBXFileReference; lastKnownFileType = image.png; name = Logo.png; path = img/Logo.png; sourceTree = SOURCE_ROOT; };
		F9B7AA79236F3850000B3BF1 /* metronomeSound(1).mp3 */ = {isa = PBXFileReference; lastKnownFileType = audio.mp3; path = "metronomeSound(1).mp3"; sourceTree = "<group>"; };
		F9B7AA7A236F3851000B3BF1 /* metronomeSound(2).mp3 */ = {isa = PBXFileReference; lastKnownFileType = audio.mp3; path = "metronomeSound(2).mp3"; sourceTree = "<group>"; };
		F9B7AA7B236F3851000B3BF1 /* metronomeSound.mp3 */ = {isa = PBXFileReference; lastKnownFileType = audio.mp3; path = metronomeSound.mp3; sourceTree = "<group>"; };
		F9B7AA83236F39FE000B3BF1 /* NeuroKineticUITests.xctest */ = {isa = PBXFileReference; explicitFileType = wrapper.cfbundle; includeInIndex = 0; path = NeuroKineticUITests.xctest; sourceTree = BUILT_PRODUCTS_DIR; };
		F9B7AA87236F39FE000B3BF1 /* Info.plist */ = {isa = PBXFileReference; lastKnownFileType = text.plist.xml; path = Info.plist; sourceTree = "<group>"; };
		F9B7AA8D236F4B2B000B3BF1 /* NeuroKineticMetronomeTest.swift */ = {isa = PBXFileReference; lastKnownFileType = sourcecode.swift; path = NeuroKineticMetronomeTest.swift; sourceTree = "<group>"; };
		F9B7AA9F236F5396000B3BF1 /* NeuroKineticTypingTests.swift */ = {isa = PBXFileReference; lastKnownFileType = sourcecode.swift; path = NeuroKineticTypingTests.swift; sourceTree = "<group>"; };
/* End PBXFileReference section */

/* Begin PBXFrameworksBuildPhase section */
		BE1B1A53235BF97100E6ED19 /* Frameworks */ = {
			isa = PBXFrameworksBuildPhase;
			buildActionMask = 2147483647;
			files = (
				F9066EFC23805E1600977AB8 /* MediaPlayer.framework in Frameworks */,
				B199C484C2470D033C4A3654 /* Pods_NeuroKinetic.framework in Frameworks */,
			);
			runOnlyForDeploymentPostprocessing = 0;
		};
		BE1B1A67235BF97200E6ED19 /* Frameworks */ = {
			isa = PBXFrameworksBuildPhase;
			buildActionMask = 2147483647;
			files = (
				3DC9D65337DC563AED85C652 /* Pods_NeuroKineticTests.framework in Frameworks */,
			);
			runOnlyForDeploymentPostprocessing = 0;
		};
		F9B7AA80236F39FE000B3BF1 /* Frameworks */ = {
			isa = PBXFrameworksBuildPhase;
			buildActionMask = 2147483647;
			files = (
				90C153F304AEF4A0E324661F /* Pods_NeuroKinetic_NeuroKineticUITests.framework in Frameworks */,
			);
			runOnlyForDeploymentPostprocessing = 0;
		};
/* End PBXFrameworksBuildPhase section */

/* Begin PBXGroup section */
		1661D3008AFBADFE63504BDC /* Frameworks */ = {
			isa = PBXGroup;
			children = (
				F9066EFB23805E1500977AB8 /* MediaPlayer.framework */,
				585D6E969998D5545EC0D873 /* Pods_NeuroKinetic.framework */,
				95B169062D973BB1072FC3FD /* Pods_NeuroKinetic_NeuroKineticUITests.framework */,
				229706FCFCC6F77F83549A89 /* Pods_NeuroKineticTests.framework */,
			);
			name = Frameworks;
			sourceTree = "<group>";
		};
		41E81C662366F3B5003313B8 /* Resources */ = {
			isa = PBXGroup;
			children = (
				BE1B1A60235BF97200E6ED19 /* Assets.xcassets */,
				BE7318F4238256DC00A99007 /* always_remember.mp3 */,
				BE7318F6238256E700A99007 /* WritingBigger.mp3 */,
				BE7318F2238256CE00A99007 /* bigger.mp3 */,
			);
			path = Resources;
			sourceTree = "<group>";
		};
		41E81C672366F3C0003313B8 /* View */ = {
			isa = PBXGroup;
			children = (
				BE4575322365371A00BADD25 /* CircleView.swift */,
			);
			path = View;
			sourceTree = "<group>";
		};
		41E81C682366F3C8003313B8 /* ViewController */ = {
			isa = PBXGroup;
			children = (
				7B7C332F236E291800BAFC5A /* Main.storyboard */,
				BE351713235D375B00C13527 /* StartViewController.swift */,
				BE7C72502360FA06005EBFF5 /* GameMenu.swift */,
				41E81C6D2366F440003313B8 /* MetronomeGame */,
				41E81C6F2366F458003313B8 /* HandwritingPractice */,
				41E81C6E2366F44F003313B8 /* TypingGame */,
				41E81C6C2366F43A003313B8 /* Settings */,
				41E81C6B2366F430003313B8 /* Statistics */,
			);
			path = ViewController;
			sourceTree = "<group>";
		};
		41E81C692366F3D1003313B8 /* Model */ = {
			isa = PBXGroup;
			children = (
				41E81C702366F58C003313B8 /* Paragraph.swift */,
				83B00106236D2587001488AA /* Word.swift */,
				83B00108236D25A3001488AA /* ParagraphBank.swift */,
			);
			path = Model;
			sourceTree = "<group>";
		};
		41E81C6A2366F3D9003313B8 /* SupportFiles */ = {
			isa = PBXGroup;
			children = (
				F9B7AA7B236F3851000B3BF1 /* metronomeSound.mp3 */,
				F9B7AA79236F3850000B3BF1 /* metronomeSound(1).mp3 */,
				F9B7AA7A236F3851000B3BF1 /* metronomeSound(2).mp3 */,
				BE1B1A62235BF97200E6ED19 /* LaunchScreen.storyboard */,
				BE1B1A65235BF97200E6ED19 /* Info.plist */,
				F98BCBD6236FEEEF00E56FCE /* Logo.png */,
			);
			path = SupportFiles;
			sourceTree = "<group>";
		};
		41E81C6B2366F430003313B8 /* Statistics */ = {
			isa = PBXGroup;
			children = (
				BE351717235D4C4E00C13527 /* MetronomeStats.swift */,
				BEF428002367D13F00D9F021 /* TypingStats.swift */,
				BEF428022367D14F00D9F021 /* GeneralStats.swift */,
				BEF428042367D15D00D9F021 /* HandwritingStats.swift */,
			);
			path = Statistics;
			sourceTree = "<group>";
		};
		41E81C6C2366F43A003313B8 /* Settings */ = {
			isa = PBXGroup;
			children = (
				41E81C722366F605003313B8 /* Setting.swift */,
			);
			path = Settings;
			sourceTree = "<group>";
		};
		41E81C6D2366F440003313B8 /* MetronomeGame */ = {
			isa = PBXGroup;
			children = (
				BE7C725223610C5E005EBFF5 /* MetronomeGameVC.swift */,
			);
			path = MetronomeGame;
			sourceTree = "<group>";
		};
		41E81C6E2366F44F003313B8 /* TypingGame */ = {
			isa = PBXGroup;
			children = (
				BE1B1A5B235BF97100E6ED19 /* TypingGame.swift */,
			);
			path = TypingGame;
			sourceTree = "<group>";
		};
		41E81C6F2366F458003313B8 /* HandwritingPractice */ = {
			isa = PBXGroup;
			children = (
				7B9BAD552368BAF50094D708 /* Controller */,
				7B9BAD522368BA3C0094D708 /* Views */,
			);
			path = HandwritingPractice;
			sourceTree = "<group>";
		};
		7B9BAD522368BA3C0094D708 /* Views */ = {
			isa = PBXGroup;
			children = (
				83A313BE2368F54100BC251A /* SentenceWriteCanvas.swift */,
				83A313C22368F98E00BC251A /* SignatureCanvas.swift */,
				8363AB282387541D007D9907 /* AfterSignView.swift */,
			);
			path = Views;
			sourceTree = "<group>";
		};
		7B9BAD552368BAF50094D708 /* Controller */ = {
			isa = PBXGroup;
			children = (
				83F22F052362280500AA0D94 /* HandwritingPracticeVC.swift */,
				83B00100236D1F31001488AA /* SignViewControl.swift */,
				8363AB2A23875439007D9907 /* AfterSignVC.swift */,
			);
			path = Controller;
			sourceTree = "<group>";
		};
		BE1B1A4D235BF97100E6ED19 = {
			isa = PBXGroup;
			children = (
				BE1B1A58235BF97100E6ED19 /* NeuroKinetic */,
				BE1B1A6D235BF97200E6ED19 /* NeuroKineticTests */,
				F9B7AA84236F39FE000B3BF1 /* NeuroKineticUITests */,
				BE1B1A57235BF97100E6ED19 /* Products */,
				FCD1777C4DFBAD8F3D335847 /* Pods */,
				1661D3008AFBADFE63504BDC /* Frameworks */,
			);
			sourceTree = "<group>";
		};
		BE1B1A57235BF97100E6ED19 /* Products */ = {
			isa = PBXGroup;
			children = (
				BE1B1A56235BF97100E6ED19 /* NeuroKinetic.app */,
				BE1B1A6A235BF97200E6ED19 /* NeuroKineticTests.xctest */,
				F9B7AA83236F39FE000B3BF1 /* NeuroKineticUITests.xctest */,
			);
			name = Products;
			sourceTree = "<group>";
		};
		BE1B1A58235BF97100E6ED19 /* NeuroKinetic */ = {
			isa = PBXGroup;
			children = (
				F98AA725237DE6610044978F /* GoogleService-Info.plist */,
				F92F3C64236EFF4600DC8A8D /* Fonts */,
				BE1B1A59235BF97100E6ED19 /* AppDelegate.swift */,
				41E81C682366F3C8003313B8 /* ViewController */,
				41E81C672366F3C0003313B8 /* View */,
				41E81C692366F3D1003313B8 /* Model */,
				41E81C662366F3B5003313B8 /* Resources */,
				41E81C6A2366F3D9003313B8 /* SupportFiles */,
			);
			path = NeuroKinetic;
			sourceTree = "<group>";
		};
		BE1B1A6D235BF97200E6ED19 /* NeuroKineticTests */ = {
			isa = PBXGroup;
			children = (
				BE1B1A6E235BF97200E6ED19 /* NeuroKineticTests.swift */,
				BE1B1A70235BF97200E6ED19 /* Info.plist */,
				F909B9A22370D600006CC591 /* NeuroKineticUnitTests.swift */,
			);
			path = NeuroKineticTests;
			sourceTree = "<group>";
		};
		F92F3C64236EFF4600DC8A8D /* Fonts */ = {
			isa = PBXGroup;
			children = (
				F92F3C6A236F006900DC8A8D /* Montserrat-Bold.ttf */,
				F92F3C6B236F006900DC8A8D /* Montserrat-ExtraBold.ttf */,
				F92F3C69236F006900DC8A8D /* Montserrat-SemiBold.ttf */,
			);
			name = Fonts;
			path = "New Group";
			sourceTree = "<group>";
		};
		F9B7AA84236F39FE000B3BF1 /* NeuroKineticUITests */ = {
			isa = PBXGroup;
			children = (
				F9B7AA9F236F5396000B3BF1 /* NeuroKineticTypingTests.swift */,
				F9B7AA87236F39FE000B3BF1 /* Info.plist */,
				F907F17B236F6ABF00680057 /* NeuroKineticHandwritingTests.swift */,
				F9B7AA8D236F4B2B000B3BF1 /* NeuroKineticMetronomeTest.swift */,
				F98BCBD4236FE94300E56FCE /* NeuroKineticIntegrationTest.swift */,
			);
			path = NeuroKineticUITests;
			sourceTree = "<group>";
		};
		FCD1777C4DFBAD8F3D335847 /* Pods */ = {
			isa = PBXGroup;
			children = (
				98C461CEC4B10E50FE5E374A /* Pods-NeuroKinetic.debug.xcconfig */,
				E7DBC151757F89E5DB8668EE /* Pods-NeuroKinetic.release.xcconfig */,
				E8F31E0730ACE1C3D001A4DA /* Pods-NeuroKinetic-NeuroKineticUITests.debug.xcconfig */,
				115A1F6587CB51F22D5D8413 /* Pods-NeuroKinetic-NeuroKineticUITests.release.xcconfig */,
				BE28D2ED86C58704B4BAC896 /* Pods-NeuroKineticTests.debug.xcconfig */,
				397D3F7F1EA06025310138B4 /* Pods-NeuroKineticTests.release.xcconfig */,
			);
			path = Pods;
			sourceTree = "<group>";
		};
/* End PBXGroup section */

/* Begin PBXNativeTarget section */
		BE1B1A55235BF97100E6ED19 /* NeuroKinetic */ = {
			isa = PBXNativeTarget;
			buildConfigurationList = BE1B1A73235BF97200E6ED19 /* Build configuration list for PBXNativeTarget "NeuroKinetic" */;
			buildPhases = (
				459CA8BC4BA75B58B519635E /* [CP] Check Pods Manifest.lock */,
				BE1B1A52235BF97100E6ED19 /* Sources */,
				BE1B1A53235BF97100E6ED19 /* Frameworks */,
				BE1B1A54235BF97100E6ED19 /* Resources */,
				9BED7460EA86170F37190F8B /* [CP] Embed Pods Frameworks */,
			);
			buildRules = (
			);
			dependencies = (
			);
			name = NeuroKinetic;
			productName = NeuroKinetic;
			productReference = BE1B1A56235BF97100E6ED19 /* NeuroKinetic.app */;
			productType = "com.apple.product-type.application";
		};
		BE1B1A69235BF97200E6ED19 /* NeuroKineticTests */ = {
			isa = PBXNativeTarget;
			buildConfigurationList = BE1B1A76235BF97200E6ED19 /* Build configuration list for PBXNativeTarget "NeuroKineticTests" */;
			buildPhases = (
				A4D4014DE92B19CDF914B4FA /* [CP] Check Pods Manifest.lock */,
				BE1B1A66235BF97200E6ED19 /* Sources */,
				BE1B1A67235BF97200E6ED19 /* Frameworks */,
				BE1B1A68235BF97200E6ED19 /* Resources */,
			);
			buildRules = (
			);
			dependencies = (
				BE1B1A6C235BF97200E6ED19 /* PBXTargetDependency */,
			);
			name = NeuroKineticTests;
			productName = NeuroKineticTests;
			productReference = BE1B1A6A235BF97200E6ED19 /* NeuroKineticTests.xctest */;
			productType = "com.apple.product-type.bundle.unit-test";
		};
		F9B7AA82236F39FE000B3BF1 /* NeuroKineticUITests */ = {
			isa = PBXNativeTarget;
			buildConfigurationList = F9B7AA8A236F39FE000B3BF1 /* Build configuration list for PBXNativeTarget "NeuroKineticUITests" */;
			buildPhases = (
				C70409543FE3A9113EFD03E3 /* [CP] Check Pods Manifest.lock */,
				F9B7AA7F236F39FE000B3BF1 /* Sources */,
				F9B7AA80236F39FE000B3BF1 /* Frameworks */,
				F9B7AA81236F39FE000B3BF1 /* Resources */,
				8A17E735D0DBF3CB766FBE05 /* [CP] Embed Pods Frameworks */,
			);
			buildRules = (
			);
			dependencies = (
				F9B7AA89236F39FE000B3BF1 /* PBXTargetDependency */,
			);
			name = NeuroKineticUITests;
			productName = NeuroKineticUITests;
			productReference = F9B7AA83236F39FE000B3BF1 /* NeuroKineticUITests.xctest */;
			productType = "com.apple.product-type.bundle.ui-testing";
		};
/* End PBXNativeTarget section */

/* Begin PBXProject section */
		BE1B1A4E235BF97100E6ED19 /* Project object */ = {
			isa = PBXProject;
			attributes = {
				DefaultBuildSystemTypeForWorkspace = Original;
				LastSwiftUpdateCheck = 1030;
				LastUpgradeCheck = 1010;
				ORGANIZATIONNAME = teamRANDY;
				TargetAttributes = {
					BE1B1A55235BF97100E6ED19 = {
						CreatedOnToolsVersion = 10.1;
					};
					BE1B1A69235BF97200E6ED19 = {
						CreatedOnToolsVersion = 10.1;
						TestTargetID = BE1B1A55235BF97100E6ED19;
					};
					F9B7AA82236F39FE000B3BF1 = {
						CreatedOnToolsVersion = 10.1;
						TestTargetID = BE1B1A55235BF97100E6ED19;
					};
				};
			};
			buildConfigurationList = BE1B1A51235BF97100E6ED19 /* Build configuration list for PBXProject "NeuroKinetic" */;
			compatibilityVersion = "Xcode 9.3";
			developmentRegion = en;
			hasScannedForEncodings = 0;
			knownRegions = (
				en,
				Base,
			);
			mainGroup = BE1B1A4D235BF97100E6ED19;
			productRefGroup = BE1B1A57235BF97100E6ED19 /* Products */;
			projectDirPath = "";
			projectRoot = "";
			targets = (
				BE1B1A55235BF97100E6ED19 /* NeuroKinetic */,
				BE1B1A69235BF97200E6ED19 /* NeuroKineticTests */,
				F9B7AA82236F39FE000B3BF1 /* NeuroKineticUITests */,
			);
		};
/* End PBXProject section */

/* Begin PBXResourcesBuildPhase section */
		BE1B1A54235BF97100E6ED19 /* Resources */ = {
			isa = PBXResourcesBuildPhase;
			buildActionMask = 2147483647;
			files = (
				BE7318F5238256DC00A99007 /* always_remember.mp3 in Resources */,
				F98BCBD7236FEEEF00E56FCE /* Logo.png in Resources */,
				F92F3C6C236F006900DC8A8D /* Montserrat-SemiBold.ttf in Resources */,
				BE7318F7238256E700A99007 /* WritingBigger.mp3 in Resources */,
				7B7C3331236E291900BAFC5A /* Main.storyboard in Resources */,
				F92F3C6E236F006900DC8A8D /* Montserrat-ExtraBold.ttf in Resources */,
				BE1B1A61235BF97200E6ED19 /* Assets.xcassets in Resources */,
				F9B7AA7D236F3851000B3BF1 /* metronomeSound(2).mp3 in Resources */,
				F9B7AA7C236F3851000B3BF1 /* metronomeSound(1).mp3 in Resources */,
				F98AA726237DE6610044978F /* GoogleService-Info.plist in Resources */,
				F92F3C6D236F006900DC8A8D /* Montserrat-Bold.ttf in Resources */,
				BE7318F3238256CE00A99007 /* bigger.mp3 in Resources */,
				F9B7AA7E236F3851000B3BF1 /* metronomeSound.mp3 in Resources */,
			);
			runOnlyForDeploymentPostprocessing = 0;
		};
		BE1B1A68235BF97200E6ED19 /* Resources */ = {
			isa = PBXResourcesBuildPhase;
			buildActionMask = 2147483647;
			files = (
				F92F3C6F236F011900DC8A8D /* Montserrat-SemiBold.ttf in Resources */,
			);
			runOnlyForDeploymentPostprocessing = 0;
		};
		F9B7AA81236F39FE000B3BF1 /* Resources */ = {
			isa = PBXResourcesBuildPhase;
			buildActionMask = 2147483647;
			files = (
			);
			runOnlyForDeploymentPostprocessing = 0;
		};
/* End PBXResourcesBuildPhase section */

/* Begin PBXShellScriptBuildPhase section */
		459CA8BC4BA75B58B519635E /* [CP] Check Pods Manifest.lock */ = {
			isa = PBXShellScriptBuildPhase;
			buildActionMask = 2147483647;
			files = (
			);
			inputFileListPaths = (
			);
			inputPaths = (
				"${PODS_PODFILE_DIR_PATH}/Podfile.lock",
				"${PODS_ROOT}/Manifest.lock",
			);
			name = "[CP] Check Pods Manifest.lock";
			outputFileListPaths = (
			);
			outputPaths = (
				"$(DERIVED_FILE_DIR)/Pods-NeuroKinetic-checkManifestLockResult.txt",
			);
			runOnlyForDeploymentPostprocessing = 0;
			shellPath = /bin/sh;
			shellScript = "diff \"${PODS_PODFILE_DIR_PATH}/Podfile.lock\" \"${PODS_ROOT}/Manifest.lock\" > /dev/null\nif [ $? != 0 ] ; then\n    # print error to STDERR\n    echo \"error: The sandbox is not in sync with the Podfile.lock. Run 'pod install' or update your CocoaPods installation.\" >&2\n    exit 1\nfi\n# This output is used by Xcode 'outputs' to avoid re-running this script phase.\necho \"SUCCESS\" > \"${SCRIPT_OUTPUT_FILE_0}\"\n";
			showEnvVarsInLog = 0;
		};
		8A17E735D0DBF3CB766FBE05 /* [CP] Embed Pods Frameworks */ = {
			isa = PBXShellScriptBuildPhase;
			buildActionMask = 2147483647;
			files = (
			);
			inputFileListPaths = (
				"${PODS_ROOT}/Target Support Files/Pods-NeuroKinetic-NeuroKineticUITests/Pods-NeuroKinetic-NeuroKineticUITests-frameworks-${CONFIGURATION}-input-files.xcfilelist",
			);
			name = "[CP] Embed Pods Frameworks";
			outputFileListPaths = (
				"${PODS_ROOT}/Target Support Files/Pods-NeuroKinetic-NeuroKineticUITests/Pods-NeuroKinetic-NeuroKineticUITests-frameworks-${CONFIGURATION}-output-files.xcfilelist",
			);
			runOnlyForDeploymentPostprocessing = 0;
			shellPath = /bin/sh;
			shellScript = "\"${PODS_ROOT}/Target Support Files/Pods-NeuroKinetic-NeuroKineticUITests/Pods-NeuroKinetic-NeuroKineticUITests-frameworks.sh\"\n";
			showEnvVarsInLog = 0;
		};
		9BED7460EA86170F37190F8B /* [CP] Embed Pods Frameworks */ = {
			isa = PBXShellScriptBuildPhase;
			buildActionMask = 2147483647;
			files = (
			);
			inputFileListPaths = (
				"${PODS_ROOT}/Target Support Files/Pods-NeuroKinetic/Pods-NeuroKinetic-frameworks-${CONFIGURATION}-input-files.xcfilelist",
			);
			name = "[CP] Embed Pods Frameworks";
			outputFileListPaths = (
				"${PODS_ROOT}/Target Support Files/Pods-NeuroKinetic/Pods-NeuroKinetic-frameworks-${CONFIGURATION}-output-files.xcfilelist",
			);
			runOnlyForDeploymentPostprocessing = 0;
			shellPath = /bin/sh;
			shellScript = "\"${PODS_ROOT}/Target Support Files/Pods-NeuroKinetic/Pods-NeuroKinetic-frameworks.sh\"\n";
			showEnvVarsInLog = 0;
		};
		A4D4014DE92B19CDF914B4FA /* [CP] Check Pods Manifest.lock */ = {
			isa = PBXShellScriptBuildPhase;
			buildActionMask = 2147483647;
			files = (
			);
			inputFileListPaths = (
			);
			inputPaths = (
				"${PODS_PODFILE_DIR_PATH}/Podfile.lock",
				"${PODS_ROOT}/Manifest.lock",
			);
			name = "[CP] Check Pods Manifest.lock";
			outputFileListPaths = (
			);
			outputPaths = (
				"$(DERIVED_FILE_DIR)/Pods-NeuroKineticTests-checkManifestLockResult.txt",
			);
			runOnlyForDeploymentPostprocessing = 0;
			shellPath = /bin/sh;
			shellScript = "diff \"${PODS_PODFILE_DIR_PATH}/Podfile.lock\" \"${PODS_ROOT}/Manifest.lock\" > /dev/null\nif [ $? != 0 ] ; then\n    # print error to STDERR\n    echo \"error: The sandbox is not in sync with the Podfile.lock. Run 'pod install' or update your CocoaPods installation.\" >&2\n    exit 1\nfi\n# This output is used by Xcode 'outputs' to avoid re-running this script phase.\necho \"SUCCESS\" > \"${SCRIPT_OUTPUT_FILE_0}\"\n";
			showEnvVarsInLog = 0;
		};
		C70409543FE3A9113EFD03E3 /* [CP] Check Pods Manifest.lock */ = {
			isa = PBXShellScriptBuildPhase;
			buildActionMask = 2147483647;
			files = (
			);
			inputFileListPaths = (
			);
			inputPaths = (
				"${PODS_PODFILE_DIR_PATH}/Podfile.lock",
				"${PODS_ROOT}/Manifest.lock",
			);
			name = "[CP] Check Pods Manifest.lock";
			outputFileListPaths = (
			);
			outputPaths = (
				"$(DERIVED_FILE_DIR)/Pods-NeuroKinetic-NeuroKineticUITests-checkManifestLockResult.txt",
			);
			runOnlyForDeploymentPostprocessing = 0;
			shellPath = /bin/sh;
			shellScript = "diff \"${PODS_PODFILE_DIR_PATH}/Podfile.lock\" \"${PODS_ROOT}/Manifest.lock\" > /dev/null\nif [ $? != 0 ] ; then\n    # print error to STDERR\n    echo \"error: The sandbox is not in sync with the Podfile.lock. Run 'pod install' or update your CocoaPods installation.\" >&2\n    exit 1\nfi\n# This output is used by Xcode 'outputs' to avoid re-running this script phase.\necho \"SUCCESS\" > \"${SCRIPT_OUTPUT_FILE_0}\"\n";
			showEnvVarsInLog = 0;
		};
/* End PBXShellScriptBuildPhase section */

/* Begin PBXSourcesBuildPhase section */
		BE1B1A52235BF97100E6ED19 /* Sources */ = {
			isa = PBXSourcesBuildPhase;
			buildActionMask = 2147483647;
			files = (
				83B00109236D25A3001488AA /* ParagraphBank.swift in Sources */,
				83A313C32368F98E00BC251A /* SignatureCanvas.swift in Sources */,
				41E81C732366F605003313B8 /* Setting.swift in Sources */,
				8363AB292387541D007D9907 /* AfterSignView.swift in Sources */,
				BE4575332365371A00BADD25 /* CircleView.swift in Sources */,
				83A313BF2368F54100BC251A /* SentenceWriteCanvas.swift in Sources */,
				83B00107236D2587001488AA /* Word.swift in Sources */,
				BEF428052367D15D00D9F021 /* HandwritingStats.swift in Sources */,
				8363AB2B23875439007D9907 /* AfterSignVC.swift in Sources */,
				BEF428032367D14F00D9F021 /* GeneralStats.swift in Sources */,
				83F22F062362280500AA0D94 /* HandwritingPracticeVC.swift in Sources */,
				BEF428012367D13F00D9F021 /* TypingStats.swift in Sources */,
				BE7C725323610C5E005EBFF5 /* MetronomeGameVC.swift in Sources */,
				BE1B1A5C235BF97100E6ED19 /* TypingGame.swift in Sources */,
				BE7C72512360FA06005EBFF5 /* GameMenu.swift in Sources */,
				BE351718235D4C4E00C13527 /* MetronomeStats.swift in Sources */,
				41E81C712366F58C003313B8 /* Paragraph.swift in Sources */,
				BE1B1A5A235BF97100E6ED19 /* AppDelegate.swift in Sources */,
				BE351714235D375B00C13527 /* StartViewController.swift in Sources */,
				83B00101236D1F31001488AA /* SignViewControl.swift in Sources */,
			);
			runOnlyForDeploymentPostprocessing = 0;
		};
		BE1B1A66235BF97200E6ED19 /* Sources */ = {
			isa = PBXSourcesBuildPhase;
			buildActionMask = 2147483647;
			files = (
				BE1B1A6F235BF97200E6ED19 /* NeuroKineticTests.swift in Sources */,
				F909B9A32370D600006CC591 /* NeuroKineticUnitTests.swift in Sources */,
			);
			runOnlyForDeploymentPostprocessing = 0;
		};
		F9B7AA7F236F39FE000B3BF1 /* Sources */ = {
			isa = PBXSourcesBuildPhase;
			buildActionMask = 2147483647;
			files = (
				F98BCBD5236FE94300E56FCE /* NeuroKineticIntegrationTest.swift in Sources */,
				F9B7AA8E236F4B2B000B3BF1 /* NeuroKineticMetronomeTest.swift in Sources */,
				F9B7AAA0236F5396000B3BF1 /* NeuroKineticTypingTests.swift in Sources */,
				F907F183236F6AE700680057 /* NeuroKineticHandwritingTests.swift in Sources */,
			);
			runOnlyForDeploymentPostprocessing = 0;
		};
/* End PBXSourcesBuildPhase section */

/* Begin PBXTargetDependency section */
		BE1B1A6C235BF97200E6ED19 /* PBXTargetDependency */ = {
			isa = PBXTargetDependency;
			target = BE1B1A55235BF97100E6ED19 /* NeuroKinetic */;
			targetProxy = BE1B1A6B235BF97200E6ED19 /* PBXContainerItemProxy */;
		};
		F9B7AA89236F39FE000B3BF1 /* PBXTargetDependency */ = {
			isa = PBXTargetDependency;
			target = BE1B1A55235BF97100E6ED19 /* NeuroKinetic */;
			targetProxy = F9B7AA88236F39FE000B3BF1 /* PBXContainerItemProxy */;
		};
/* End PBXTargetDependency section */

/* Begin PBXVariantGroup section */
		7B7C332F236E291800BAFC5A /* Main.storyboard */ = {
			isa = PBXVariantGroup;
			children = (
				7B7C3330236E291800BAFC5A /* Base */,
			);
			name = Main.storyboard;
			sourceTree = "<group>";
		};
		BE1B1A62235BF97200E6ED19 /* LaunchScreen.storyboard */ = {
			isa = PBXVariantGroup;
			children = (
				BE1B1A63235BF97200E6ED19 /* Base */,
			);
			name = LaunchScreen.storyboard;
			sourceTree = "<group>";
		};
/* End PBXVariantGroup section */

/* Begin XCBuildConfiguration section */
		BE1B1A71235BF97200E6ED19 /* Debug */ = {
			isa = XCBuildConfiguration;
			buildSettings = {
				ALWAYS_SEARCH_USER_PATHS = NO;
				CLANG_ANALYZER_NONNULL = YES;
				CLANG_ANALYZER_NUMBER_OBJECT_CONVERSION = YES_AGGRESSIVE;
				CLANG_CXX_LANGUAGE_STANDARD = "gnu++14";
				CLANG_CXX_LIBRARY = "libc++";
				CLANG_ENABLE_MODULES = YES;
				CLANG_ENABLE_OBJC_ARC = YES;
				CLANG_ENABLE_OBJC_WEAK = YES;
				CLANG_WARN_BLOCK_CAPTURE_AUTORELEASING = YES;
				CLANG_WARN_BOOL_CONVERSION = YES;
				CLANG_WARN_COMMA = YES;
				CLANG_WARN_CONSTANT_CONVERSION = YES;
				CLANG_WARN_DEPRECATED_OBJC_IMPLEMENTATIONS = YES;
				CLANG_WARN_DIRECT_OBJC_ISA_USAGE = YES_ERROR;
				CLANG_WARN_DOCUMENTATION_COMMENTS = YES;
				CLANG_WARN_EMPTY_BODY = YES;
				CLANG_WARN_ENUM_CONVERSION = YES;
				CLANG_WARN_INFINITE_RECURSION = YES;
				CLANG_WARN_INT_CONVERSION = YES;
				CLANG_WARN_NON_LITERAL_NULL_CONVERSION = YES;
				CLANG_WARN_OBJC_IMPLICIT_RETAIN_SELF = YES;
				CLANG_WARN_OBJC_LITERAL_CONVERSION = YES;
				CLANG_WARN_OBJC_ROOT_CLASS = YES_ERROR;
				CLANG_WARN_RANGE_LOOP_ANALYSIS = YES;
				CLANG_WARN_STRICT_PROTOTYPES = YES;
				CLANG_WARN_SUSPICIOUS_MOVE = YES;
				CLANG_WARN_UNGUARDED_AVAILABILITY = YES_AGGRESSIVE;
				CLANG_WARN_UNREACHABLE_CODE = YES;
				CLANG_WARN__DUPLICATE_METHOD_MATCH = YES;
				CODE_SIGN_IDENTITY = "iPhone Developer";
				COPY_PHASE_STRIP = NO;
				DEBUG_INFORMATION_FORMAT = dwarf;
				ENABLE_STRICT_OBJC_MSGSEND = YES;
				ENABLE_TESTABILITY = YES;
				GCC_C_LANGUAGE_STANDARD = gnu11;
				GCC_DYNAMIC_NO_PIC = NO;
				GCC_NO_COMMON_BLOCKS = YES;
				GCC_OPTIMIZATION_LEVEL = 0;
				GCC_PREPROCESSOR_DEFINITIONS = (
					"DEBUG=1",
					"$(inherited)",
				);
				GCC_WARN_64_TO_32_BIT_CONVERSION = YES;
				GCC_WARN_ABOUT_RETURN_TYPE = YES_ERROR;
				GCC_WARN_UNDECLARED_SELECTOR = YES;
				GCC_WARN_UNINITIALIZED_AUTOS = YES_AGGRESSIVE;
				GCC_WARN_UNUSED_FUNCTION = YES;
				GCC_WARN_UNUSED_VARIABLE = YES;
				IPHONEOS_DEPLOYMENT_TARGET = 12.1;
				MTL_ENABLE_DEBUG_INFO = INCLUDE_SOURCE;
				MTL_FAST_MATH = YES;
				ONLY_ACTIVE_ARCH = YES;
				SDKROOT = iphoneos;
				SWIFT_ACTIVE_COMPILATION_CONDITIONS = DEBUG;
				SWIFT_OPTIMIZATION_LEVEL = "-Onone";
			};
			name = Debug;
		};
		BE1B1A72235BF97200E6ED19 /* Release */ = {
			isa = XCBuildConfiguration;
			buildSettings = {
				ALWAYS_SEARCH_USER_PATHS = NO;
				CLANG_ANALYZER_NONNULL = YES;
				CLANG_ANALYZER_NUMBER_OBJECT_CONVERSION = YES_AGGRESSIVE;
				CLANG_CXX_LANGUAGE_STANDARD = "gnu++14";
				CLANG_CXX_LIBRARY = "libc++";
				CLANG_ENABLE_MODULES = YES;
				CLANG_ENABLE_OBJC_ARC = YES;
				CLANG_ENABLE_OBJC_WEAK = YES;
				CLANG_WARN_BLOCK_CAPTURE_AUTORELEASING = YES;
				CLANG_WARN_BOOL_CONVERSION = YES;
				CLANG_WARN_COMMA = YES;
				CLANG_WARN_CONSTANT_CONVERSION = YES;
				CLANG_WARN_DEPRECATED_OBJC_IMPLEMENTATIONS = YES;
				CLANG_WARN_DIRECT_OBJC_ISA_USAGE = YES_ERROR;
				CLANG_WARN_DOCUMENTATION_COMMENTS = YES;
				CLANG_WARN_EMPTY_BODY = YES;
				CLANG_WARN_ENUM_CONVERSION = YES;
				CLANG_WARN_INFINITE_RECURSION = YES;
				CLANG_WARN_INT_CONVERSION = YES;
				CLANG_WARN_NON_LITERAL_NULL_CONVERSION = YES;
				CLANG_WARN_OBJC_IMPLICIT_RETAIN_SELF = YES;
				CLANG_WARN_OBJC_LITERAL_CONVERSION = YES;
				CLANG_WARN_OBJC_ROOT_CLASS = YES_ERROR;
				CLANG_WARN_RANGE_LOOP_ANALYSIS = YES;
				CLANG_WARN_STRICT_PROTOTYPES = YES;
				CLANG_WARN_SUSPICIOUS_MOVE = YES;
				CLANG_WARN_UNGUARDED_AVAILABILITY = YES_AGGRESSIVE;
				CLANG_WARN_UNREACHABLE_CODE = YES;
				CLANG_WARN__DUPLICATE_METHOD_MATCH = YES;
				CODE_SIGN_IDENTITY = "iPhone Developer";
				COPY_PHASE_STRIP = NO;
				DEBUG_INFORMATION_FORMAT = "dwarf-with-dsym";
				ENABLE_NS_ASSERTIONS = NO;
				ENABLE_STRICT_OBJC_MSGSEND = YES;
				GCC_C_LANGUAGE_STANDARD = gnu11;
				GCC_NO_COMMON_BLOCKS = YES;
				GCC_WARN_64_TO_32_BIT_CONVERSION = YES;
				GCC_WARN_ABOUT_RETURN_TYPE = YES_ERROR;
				GCC_WARN_UNDECLARED_SELECTOR = YES;
				GCC_WARN_UNINITIALIZED_AUTOS = YES_AGGRESSIVE;
				GCC_WARN_UNUSED_FUNCTION = YES;
				GCC_WARN_UNUSED_VARIABLE = YES;
				IPHONEOS_DEPLOYMENT_TARGET = 12.1;
				MTL_ENABLE_DEBUG_INFO = NO;
				MTL_FAST_MATH = YES;
				SDKROOT = iphoneos;
				SWIFT_COMPILATION_MODE = wholemodule;
				SWIFT_OPTIMIZATION_LEVEL = "-O";
				VALIDATE_PRODUCT = YES;
			};
			name = Release;
		};
		BE1B1A74235BF97200E6ED19 /* Debug */ = {
			isa = XCBuildConfiguration;
			baseConfigurationReference = 98C461CEC4B10E50FE5E374A /* Pods-NeuroKinetic.debug.xcconfig */;
			buildSettings = {
				ASSETCATALOG_COMPILER_APPICON_NAME = AppIcon;
				CODE_SIGN_STYLE = Automatic;
				DEVELOPMENT_TEAM = 4725PG772Y;
				INFOPLIST_FILE = "$(SRCROOT)/NeuroKinetic/SupportFiles/Info.plist";
				LD_RUNPATH_SEARCH_PATHS = (
					"$(inherited)",
					"@executable_path/Frameworks",
				);
				PRODUCT_BUNDLE_IDENTIFIER = temRANDY.NeuroKinetic;
				PRODUCT_NAME = "$(TARGET_NAME)";
				SWIFT_VERSION = 4.2;
				TARGETED_DEVICE_FAMILY = 2;
			};
			name = Debug;
		};
		BE1B1A75235BF97200E6ED19 /* Release */ = {
			isa = XCBuildConfiguration;
			baseConfigurationReference = E7DBC151757F89E5DB8668EE /* Pods-NeuroKinetic.release.xcconfig */;
			buildSettings = {
				ASSETCATALOG_COMPILER_APPICON_NAME = AppIcon;
				CODE_SIGN_STYLE = Automatic;
				DEVELOPMENT_TEAM = 4725PG772Y;
				INFOPLIST_FILE = "$(SRCROOT)/NeuroKinetic/SupportFiles/Info.plist";
				LD_RUNPATH_SEARCH_PATHS = (
					"$(inherited)",
					"@executable_path/Frameworks",
				);
				PRODUCT_BUNDLE_IDENTIFIER = temRANDY.NeuroKinetic;
				PRODUCT_NAME = "$(TARGET_NAME)";
				SWIFT_VERSION = 4.2;
				TARGETED_DEVICE_FAMILY = 2;
			};
			name = Release;
		};
		BE1B1A77235BF97200E6ED19 /* Debug */ = {
			isa = XCBuildConfiguration;
			baseConfigurationReference = BE28D2ED86C58704B4BAC896 /* Pods-NeuroKineticTests.debug.xcconfig */;
			buildSettings = {
				ALWAYS_EMBED_SWIFT_STANDARD_LIBRARIES = YES;
				BUNDLE_LOADER = "$(TEST_HOST)";
				"CODE_SIGN_IDENTITY[sdk=macosx*]" = "Apple Development";
				CODE_SIGN_STYLE = Automatic;
				DEVELOPMENT_TEAM = "";
				INFOPLIST_FILE = NeuroKineticTests/Info.plist;
				LD_RUNPATH_SEARCH_PATHS = (
					"$(inherited)",
					"@executable_path/Frameworks",
					"@loader_path/Frameworks",
				);
				PRODUCT_BUNDLE_IDENTIFIER = temRANDY.NeuroKineticTests;
				PRODUCT_NAME = "$(TARGET_NAME)";
				SWIFT_VERSION = 4.2;
				TARGETED_DEVICE_FAMILY = "1,2";
				TEST_HOST = "$(BUILT_PRODUCTS_DIR)/NeuroKinetic.app/NeuroKinetic";
			};
			name = Debug;
		};
		BE1B1A78235BF97200E6ED19 /* Release */ = {
			isa = XCBuildConfiguration;
			baseConfigurationReference = 397D3F7F1EA06025310138B4 /* Pods-NeuroKineticTests.release.xcconfig */;
			buildSettings = {
				ALWAYS_EMBED_SWIFT_STANDARD_LIBRARIES = YES;
				BUNDLE_LOADER = "$(TEST_HOST)";
				"CODE_SIGN_IDENTITY[sdk=macosx*]" = "Apple Development";
				CODE_SIGN_STYLE = Automatic;
				DEVELOPMENT_TEAM = "";
				INFOPLIST_FILE = NeuroKineticTests/Info.plist;
				LD_RUNPATH_SEARCH_PATHS = (
					"$(inherited)",
					"@executable_path/Frameworks",
					"@loader_path/Frameworks",
				);
				PRODUCT_BUNDLE_IDENTIFIER = temRANDY.NeuroKineticTests;
				PRODUCT_NAME = "$(TARGET_NAME)";
				SWIFT_VERSION = 4.2;
				TARGETED_DEVICE_FAMILY = "1,2";
				TEST_HOST = "$(BUILT_PRODUCTS_DIR)/NeuroKinetic.app/NeuroKinetic";
			};
			name = Release;
		};
		F9B7AA8B236F39FE000B3BF1 /* Debug */ = {
			isa = XCBuildConfiguration;
			baseConfigurationReference = E8F31E0730ACE1C3D001A4DA /* Pods-NeuroKinetic-NeuroKineticUITests.debug.xcconfig */;
			buildSettings = {
				CODE_SIGN_STYLE = Automatic;
				INFOPLIST_FILE = NeuroKineticUITests/Info.plist;
				LD_RUNPATH_SEARCH_PATHS = (
					"$(inherited)",
					"@executable_path/Frameworks",
					"@loader_path/Frameworks",
				);
				PRODUCT_BUNDLE_IDENTIFIER = com.antoniok.NeuroKineticUITests;
				PRODUCT_NAME = "$(TARGET_NAME)";
				SWIFT_VERSION = 4.2;
				TARGETED_DEVICE_FAMILY = "1,2";
				TEST_TARGET_NAME = NeuroKinetic;
			};
			name = Debug;
		};
		F9B7AA8C236F39FE000B3BF1 /* Release */ = {
			isa = XCBuildConfiguration;
			baseConfigurationReference = 115A1F6587CB51F22D5D8413 /* Pods-NeuroKinetic-NeuroKineticUITests.release.xcconfig */;
			buildSettings = {
				CODE_SIGN_STYLE = Automatic;
				INFOPLIST_FILE = NeuroKineticUITests/Info.plist;
				LD_RUNPATH_SEARCH_PATHS = (
					"$(inherited)",
					"@executable_path/Frameworks",
					"@loader_path/Frameworks",
				);
				PRODUCT_BUNDLE_IDENTIFIER = com.antoniok.NeuroKineticUITests;
				PRODUCT_NAME = "$(TARGET_NAME)";
				SWIFT_VERSION = 4.2;
				TARGETED_DEVICE_FAMILY = "1,2";
				TEST_TARGET_NAME = NeuroKinetic;
			};
			name = Release;
		};
/* End XCBuildConfiguration section */

/* Begin XCConfigurationList section */
		BE1B1A51235BF97100E6ED19 /* Build configuration list for PBXProject "NeuroKinetic" */ = {
			isa = XCConfigurationList;
			buildConfigurations = (
				BE1B1A71235BF97200E6ED19 /* Debug */,
				BE1B1A72235BF97200E6ED19 /* Release */,
			);
			defaultConfigurationIsVisible = 0;
			defaultConfigurationName = Release;
		};
		BE1B1A73235BF97200E6ED19 /* Build configuration list for PBXNativeTarget "NeuroKinetic" */ = {
			isa = XCConfigurationList;
			buildConfigurations = (
				BE1B1A74235BF97200E6ED19 /* Debug */,
				BE1B1A75235BF97200E6ED19 /* Release */,
			);
			defaultConfigurationIsVisible = 0;
			defaultConfigurationName = Release;
		};
		BE1B1A76235BF97200E6ED19 /* Build configuration list for PBXNativeTarget "NeuroKineticTests" */ = {
			isa = XCConfigurationList;
			buildConfigurations = (
				BE1B1A77235BF97200E6ED19 /* Debug */,
				BE1B1A78235BF97200E6ED19 /* Release */,
			);
			defaultConfigurationIsVisible = 0;
			defaultConfigurationName = Release;
		};
		F9B7AA8A236F39FE000B3BF1 /* Build configuration list for PBXNativeTarget "NeuroKineticUITests" */ = {
			isa = XCConfigurationList;
			buildConfigurations = (
				F9B7AA8B236F39FE000B3BF1 /* Debug */,
				F9B7AA8C236F39FE000B3BF1 /* Release */,
			);
			defaultConfigurationIsVisible = 0;
			defaultConfigurationName = Release;
		};
/* End XCConfigurationList section */
	};
	rootObject = BE1B1A4E235BF97100E6ED19 /* Project object */;
}
